<?xml version="1.0" encoding="utf-8"?>
<Project ToolsVersion="4.0" xmlns="http://schemas.microsoft.com/developer/msbuild/2003">
  <ItemGroup>
    <Filter Include="소스 파일">
      <UniqueIdentifier>{4FC737F1-C7A5-4376-A066-2A32D752A2FF}</UniqueIdentifier>
      <Extensions>cpp;c;cc;cxx;def;odl;idl;hpj;bat;asm;asmx</Extensions>
    </Filter>
    <Filter Include="헤더 파일">
      <UniqueIdentifier>{93995380-89BD-4b04-88EB-625FBE52EBFB}</UniqueIdentifier>
      <Extensions>h;hpp;hxx;hm;inl;inc;xsd</Extensions>
    </Filter>
    <Filter Include="리소스 파일">
      <UniqueIdentifier>{67DA6AB6-F800-4c08-8B7A-83BB121AAD01}</UniqueIdentifier>
      <Extensions>rc;ico;cur;bmp;dlg;rc2;rct;bin;rgs;gif;jpg;jpeg;jpe;resx;tiff;tif;png;wav;mfcribbon-ms</Extensions>
    </Filter>
  </ItemGroup>
  <ItemGroup>
    <None Include="ReadMe.txt" />
    <None Include="res\KillProcess.rc2">
      <Filter>리소스 파일</Filter>
    </None>
    <None Include="res\KillProcess.ico">
      <Filter>리소스 파일</Filter>
    </None>
    <None Include="res\icon1.ico">
      <Filter>리소스 파일</Filter>
    </None>
    <None Include="res\KillProcess2.ico">
      <Filter>리소스 파일</Filter>
    </None>
    <None Include="res\checkboxes.bmp">
      <Filter>리소스 파일</Filter>
    </None>
    <None Include="res\eye.bmp">
      <Filter>리소스 파일</Filter>
    </None>
    <None Include="res\KillProcess3.ico">
      <Filter>리소스 파일</Filter>
    </None>
  </ItemGroup>
  <ItemGroup>
    <ClInclude Include="KillProcess.h">
      <Filter>헤더 파일</Filter>
    </ClInclude>
    <ClInclude Include="KillProcessDlg.h">
      <Filter>헤더 파일</Filter>
    </ClInclude>
    <ClInclude Include="stdafx.h">
      <Filter>헤더 파일</Filter>
    </ClInclude>
    <ClInclude Include="targetver.h">
      <Filter>헤더 파일</Filter>
    </ClInclude>
    <ClInclude Include="Resource.h">
      <Filter>헤더 파일</Filter>
    </ClInclude>
    <ClInclude Include="CheckListCtrl.h">
      <Filter>헤더 파일</Filter>
    </ClInclude>
    <ClInclude Include="CheckHeadCtrl.h">
      <Filter>헤더 파일</Filter>
    </ClInclude>
    <ClInclude Include="Global.h">
      <Filter>헤더 파일</Filter>
    </ClInclude>
    <ClInclude Include="TrayIconMng.h">
      <Filter>헤더 파일</Filter>
    </ClInclude>
    <ClInclude Include="CheckableGroupBox.h">
      <Filter>헤더 파일</Filter>
    </ClInclude>
    <ClInclude Include="XPtrList.h">
      <Filter>헤더 파일</Filter>
    </ClInclude>
  </ItemGroup>
  <ItemGroup>
    <ClCompile Include="KillProcess.cpp">
      <Filter>소스 파일</Filter>
    </ClCompile>
    <ClCompile Include="KillProcessDlg.cpp">
      <Filter>소스 파일</Filter>
    </ClCompile>
    <ClCompile Include="stdafx.cpp">
      <Filter>소스 파일</Filter>
    </ClCompile>
    <ClCompile Include="CheckListCtrl.cpp">
      <Filter>소스 파일</Filter>
    </ClCompile>
    <ClCompile Include="CheckHeadCtrl.cpp">
      <Filter>소스 파일</Filter>
    </ClCompile>
    <ClCompile Include="Global.cpp">
      <Filter>소스 파일</Filter>
    </ClCompile>
    <ClCompile Include="CheckableGroupBox.cpp">
      <Filter>소스 파일</Filter>
    </ClCompile>
    <ClCompile Include="TrayIconMng.cpp">
      <Filter>소스 파일</Filter>
    </ClCompile>
    <ClCompile Include="XPtrList.cpp">
      <Filter>소스 파일</Filter>
    </ClCompile>
  </ItemGroup>
  <ItemGroup>
    <ResourceCompile Include="KillProcess.rc">
      <Filter>리소스 파일</Filter>
    </ResourceCompile>
  </ItemGroup>
</Project>